// !$*UTF8*$!
{
	archiveVersion = 1;
	classes = {
	};
	objectVersion = 63;
	objects = {

/* Begin PBXBuildFile section */
		50322FBB2D1F3A4D0010A38E /* CDTracker+CoreDataClass.swift in Sources */ = {isa = PBXBuildFile; fileRef = 50322F7D2D1F3A4D0010A38E /* CDTracker+CoreDataClass.swift */; };
		50322FBC2D1F3A4D0010A38E /* CDTracker+CoreDataProperties.swift in Sources */ = {isa = PBXBuildFile; fileRef = 50322F7E2D1F3A4D0010A38E /* CDTracker+CoreDataProperties.swift */; };
		50322FBD2D1F3A4D0010A38E /* CDTrackerCategory+CoreDataClass.swift in Sources */ = {isa = PBXBuildFile; fileRef = 50322F7F2D1F3A4D0010A38E /* CDTrackerCategory+CoreDataClass.swift */; };
		50322FBE2D1F3A4D0010A38E /* CDTrackerCategory+CoreDataProperties.swift in Sources */ = {isa = PBXBuildFile; fileRef = 50322F802D1F3A4D0010A38E /* CDTrackerCategory+CoreDataProperties.swift */; };
		50322FBF2D1F3A4D0010A38E /* CDTrackerRecord+CoreDataClass.swift in Sources */ = {isa = PBXBuildFile; fileRef = 50322F812D1F3A4D0010A38E /* CDTrackerRecord+CoreDataClass.swift */; };
		50322FC02D1F3A4D0010A38E /* CDTrackerRecord+CoreDataProperties.swift in Sources */ = {isa = PBXBuildFile; fileRef = 50322F822D1F3A4D0010A38E /* CDTrackerRecord+CoreDataProperties.swift */; };
		50322FC12D1F3A4D0010A38E /* CoreDataManager.swift in Sources */ = {isa = PBXBuildFile; fileRef = 50322F842D1F3A4D0010A38E /* CoreDataManager.swift */; };
		50322FC22D1F3A4D0010A38E /* DaysValueTransformer.swift in Sources */ = {isa = PBXBuildFile; fileRef = 50322F852D1F3A4D0010A38E /* DaysValueTransformer.swift */; };
		50322FC32D1F3A4D0010A38E /* StoreManager.swift in Sources */ = {isa = PBXBuildFile; fileRef = 50322F862D1F3A4D0010A38E /* StoreManager.swift */; };
		50322FC42D1F3A4D0010A38E /* TrackerCategoryStore.swift in Sources */ = {isa = PBXBuildFile; fileRef = 50322F872D1F3A4D0010A38E /* TrackerCategoryStore.swift */; };
		50322FC52D1F3A4D0010A38E /* TrackerRecordStore.swift in Sources */ = {isa = PBXBuildFile; fileRef = 50322F882D1F3A4D0010A38E /* TrackerRecordStore.swift */; };
		50322FC62D1F3A4D0010A38E /* TrackerStore.swift in Sources */ = {isa = PBXBuildFile; fileRef = 50322F892D1F3A4D0010A38E /* TrackerStore.swift */; };
		50322FC72D1F3A4D0010A38E /* Date+Extensions.swift in Sources */ = {isa = PBXBuildFile; fileRef = 50322F8B2D1F3A4D0010A38E /* Date+Extensions.swift */; };
		50322FC82D1F3A4D0010A38E /* UIButton+Extensions.swift in Sources */ = {isa = PBXBuildFile; fileRef = 50322F8C2D1F3A4D0010A38E /* UIButton+Extensions.swift */; };
		50322FC92D1F3A4D0010A38E /* UIColor+Extensions.swift in Sources */ = {isa = PBXBuildFile; fileRef = 50322F8D2D1F3A4D0010A38E /* UIColor+Extensions.swift */; };
		50322FCA2D1F3A4D0010A38E /* UILabel+Extensions.swift in Sources */ = {isa = PBXBuildFile; fileRef = 50322F8E2D1F3A4D0010A38E /* UILabel+Extensions.swift */; };
		50322FCB2D1F3A4D0010A38E /* UINavigationBar+Extensions.swift in Sources */ = {isa = PBXBuildFile; fileRef = 50322F8F2D1F3A4D0010A38E /* UINavigationBar+Extensions.swift */; };
		50322FCC2D1F3A4D0010A38E /* TaskType.swift in Sources */ = {isa = PBXBuildFile; fileRef = 50322F912D1F3A4D0010A38E /* TaskType.swift */; };
		50322FCD2D1F3A4D0010A38E /* Tracker.swift in Sources */ = {isa = PBXBuildFile; fileRef = 50322F922D1F3A4D0010A38E /* Tracker.swift */; };
		50322FCE2D1F3A4D0010A38E /* TrackerCategory.swift in Sources */ = {isa = PBXBuildFile; fileRef = 50322F932D1F3A4D0010A38E /* TrackerCategory.swift */; };
		50322FCF2D1F3A4D0010A38E /* TrackerRecord.swift in Sources */ = {isa = PBXBuildFile; fileRef = 50322F942D1F3A4D0010A38E /* TrackerRecord.swift */; };
		50322FD02D1F3A4D0010A38E /* Weekdays.swift in Sources */ = {isa = PBXBuildFile; fileRef = 50322F952D1F3A4D0010A38E /* Weekdays.swift */; };
		50322FD12D1F3A4D0010A38E /* CreateTaskViewModel.swift in Sources */ = {isa = PBXBuildFile; fileRef = 50322F992D1F3A4D0010A38E /* CreateTaskViewModel.swift */; };
		50322FD22D1F3A4D0010A38E /* TaskListViewModel.swift in Sources */ = {isa = PBXBuildFile; fileRef = 50322F9A2D1F3A4D0010A38E /* TaskListViewModel.swift */; };
		50322FD32D1F3A4D0010A38E /* ColorCell.swift in Sources */ = {isa = PBXBuildFile; fileRef = 50322F9C2D1F3A4D0010A38E /* ColorCell.swift */; };
		50322FD42D1F3A4D0010A38E /* EmojiCell.swift in Sources */ = {isa = PBXBuildFile; fileRef = 50322F9D2D1F3A4D0010A38E /* EmojiCell.swift */; };
		50322FD52D1F3A4D0010A38E /* SectionHeaderCollectionView.swift in Sources */ = {isa = PBXBuildFile; fileRef = 50322F9E2D1F3A4D0010A38E /* SectionHeaderCollectionView.swift */; };
		50322FD62D1F3A4D0010A38E /* TaskCell.swift in Sources */ = {isa = PBXBuildFile; fileRef = 50322FA02D1F3A4D0010A38E /* TaskCell.swift */; };
		50322FD72D1F3A4D0010A38E /* ScheduleSelectionCell.swift in Sources */ = {isa = PBXBuildFile; fileRef = 50322FA32D1F3A4D0010A38E /* ScheduleSelectionCell.swift */; };
		50322FD82D1F3A4D0010A38E /* SettingTaskSelectionCell.swift in Sources */ = {isa = PBXBuildFile; fileRef = 50322FA42D1F3A4D0010A38E /* SettingTaskSelectionCell.swift */; };
		50322FD92D1F3A4D0010A38E /* CategorySelectionViewController.swift in Sources */ = {isa = PBXBuildFile; fileRef = 50322FA72D1F3A4D0010A38E /* CategorySelectionViewController.swift */; };
		50322FDA2D1F3A4D0010A38E /* CreateTaskViewController.swift in Sources */ = {isa = PBXBuildFile; fileRef = 50322FA82D1F3A4D0010A38E /* CreateTaskViewController.swift */; };
		50322FDB2D1F3A4D0010A38E /* ScheduleSelectionViewController.swift in Sources */ = {isa = PBXBuildFile; fileRef = 50322FA92D1F3A4D0010A38E /* ScheduleSelectionViewController.swift */; };
		50322FDC2D1F3A4D0010A38E /* TypeSelectionViewController.swift in Sources */ = {isa = PBXBuildFile; fileRef = 50322FAA2D1F3A4D0010A38E /* TypeSelectionViewController.swift */; };
		50322FDD2D1F3A4D0010A38E /* StatisticViewController.swift in Sources */ = {isa = PBXBuildFile; fileRef = 50322FAC2D1F3A4D0010A38E /* StatisticViewController.swift */; };
		50322FDE2D1F3A4D0010A38E /* TaskListViewController.swift in Sources */ = {isa = PBXBuildFile; fileRef = 50322FAE2D1F3A4D0010A38E /* TaskListViewController.swift */; };
		50322FDF2D1F3A4D0010A38E /* TabBarController.swift in Sources */ = {isa = PBXBuildFile; fileRef = 50322FB02D1F3A4D0010A38E /* TabBarController.swift */; };
		50322FE02D1F3A4D0010A38E /* AppDelegate.swift in Sources */ = {isa = PBXBuildFile; fileRef = 50322FB32D1F3A4D0010A38E /* AppDelegate.swift */; };
		50322FE12D1F3A4D0010A38E /* SceneDelegate.swift in Sources */ = {isa = PBXBuildFile; fileRef = 50322FB72D1F3A4D0010A38E /* SceneDelegate.swift */; };
		50322FE22D1F3A4D0010A38E /* TrackerCoreData.xcdatamodeld in Sources */ = {isa = PBXBuildFile; fileRef = 50322FB82D1F3A4D0010A38E /* TrackerCoreData.xcdatamodeld */; };
		50322FE32D1F3A4D0010A38E /* Assets.xcassets in Resources */ = {isa = PBXBuildFile; fileRef = 50322F972D1F3A4D0010A38E /* Assets.xcassets */; };
		50322FE52D1F3A4D0010A38E /* LaunchScreen.storyboard in Resources */ = {isa = PBXBuildFile; fileRef = 50322FB62D1F3A4D0010A38E /* LaunchScreen.storyboard */; };
/* End PBXBuildFile section */

/* Begin PBXFileReference section */
		4BCEAE982CA57669004C4D46 /* Tracker.app */ = {isa = PBXFileReference; explicitFileType = wrapper.application; includeInIndex = 0; path = Tracker.app; sourceTree = BUILT_PRODUCTS_DIR; };
		50322F7D2D1F3A4D0010A38E /* CDTracker+CoreDataClass.swift */ = {isa = PBXFileReference; lastKnownFileType = sourcecode.swift; path = "CDTracker+CoreDataClass.swift"; sourceTree = "<group>"; };
		50322F7E2D1F3A4D0010A38E /* CDTracker+CoreDataProperties.swift */ = {isa = PBXFileReference; lastKnownFileType = sourcecode.swift; path = "CDTracker+CoreDataProperties.swift"; sourceTree = "<group>"; };
		50322F7F2D1F3A4D0010A38E /* CDTrackerCategory+CoreDataClass.swift */ = {isa = PBXFileReference; lastKnownFileType = sourcecode.swift; path = "CDTrackerCategory+CoreDataClass.swift"; sourceTree = "<group>"; };
		50322F802D1F3A4D0010A38E /* CDTrackerCategory+CoreDataProperties.swift */ = {isa = PBXFileReference; lastKnownFileType = sourcecode.swift; path = "CDTrackerCategory+CoreDataProperties.swift"; sourceTree = "<group>"; };
		50322F812D1F3A4D0010A38E /* CDTrackerRecord+CoreDataClass.swift */ = {isa = PBXFileReference; lastKnownFileType = sourcecode.swift; path = "CDTrackerRecord+CoreDataClass.swift"; sourceTree = "<group>"; };
		50322F822D1F3A4D0010A38E /* CDTrackerRecord+CoreDataProperties.swift */ = {isa = PBXFileReference; lastKnownFileType = sourcecode.swift; path = "CDTrackerRecord+CoreDataProperties.swift"; sourceTree = "<group>"; };
		50322F842D1F3A4D0010A38E /* CoreDataManager.swift */ = {isa = PBXFileReference; lastKnownFileType = sourcecode.swift; path = CoreDataManager.swift; sourceTree = "<group>"; };
		50322F852D1F3A4D0010A38E /* DaysValueTransformer.swift */ = {isa = PBXFileReference; lastKnownFileType = sourcecode.swift; path = DaysValueTransformer.swift; sourceTree = "<group>"; };
		50322F862D1F3A4D0010A38E /* StoreManager.swift */ = {isa = PBXFileReference; lastKnownFileType = sourcecode.swift; path = StoreManager.swift; sourceTree = "<group>"; };
		50322F872D1F3A4D0010A38E /* TrackerCategoryStore.swift */ = {isa = PBXFileReference; lastKnownFileType = sourcecode.swift; path = TrackerCategoryStore.swift; sourceTree = "<group>"; };
		50322F882D1F3A4D0010A38E /* TrackerRecordStore.swift */ = {isa = PBXFileReference; lastKnownFileType = sourcecode.swift; path = TrackerRecordStore.swift; sourceTree = "<group>"; };
		50322F892D1F3A4D0010A38E /* TrackerStore.swift */ = {isa = PBXFileReference; lastKnownFileType = sourcecode.swift; path = TrackerStore.swift; sourceTree = "<group>"; };
		50322F8B2D1F3A4D0010A38E /* Date+Extensions.swift */ = {isa = PBXFileReference; lastKnownFileType = sourcecode.swift; path = "Date+Extensions.swift"; sourceTree = "<group>"; };
		50322F8C2D1F3A4D0010A38E /* UIButton+Extensions.swift */ = {isa = PBXFileReference; lastKnownFileType = sourcecode.swift; path = "UIButton+Extensions.swift"; sourceTree = "<group>"; };
		50322F8D2D1F3A4D0010A38E /* UIColor+Extensions.swift */ = {isa = PBXFileReference; lastKnownFileType = sourcecode.swift; path = "UIColor+Extensions.swift"; sourceTree = "<group>"; };
		50322F8E2D1F3A4D0010A38E /* UILabel+Extensions.swift */ = {isa = PBXFileReference; lastKnownFileType = sourcecode.swift; path = "UILabel+Extensions.swift"; sourceTree = "<group>"; };
		50322F8F2D1F3A4D0010A38E /* UINavigationBar+Extensions.swift */ = {isa = PBXFileReference; lastKnownFileType = sourcecode.swift; path = "UINavigationBar+Extensions.swift"; sourceTree = "<group>"; };
		50322F912D1F3A4D0010A38E /* TaskType.swift */ = {isa = PBXFileReference; lastKnownFileType = sourcecode.swift; path = TaskType.swift; sourceTree = "<group>"; };
		50322F922D1F3A4D0010A38E /* Tracker.swift */ = {isa = PBXFileReference; lastKnownFileType = sourcecode.swift; path = Tracker.swift; sourceTree = "<group>"; };
		50322F932D1F3A4D0010A38E /* TrackerCategory.swift */ = {isa = PBXFileReference; lastKnownFileType = sourcecode.swift; path = TrackerCategory.swift; sourceTree = "<group>"; };
		50322F942D1F3A4D0010A38E /* TrackerRecord.swift */ = {isa = PBXFileReference; lastKnownFileType = sourcecode.swift; path = TrackerRecord.swift; sourceTree = "<group>"; };
		50322F952D1F3A4D0010A38E /* Weekdays.swift */ = {isa = PBXFileReference; lastKnownFileType = sourcecode.swift; path = Weekdays.swift; sourceTree = "<group>"; };
		50322F972D1F3A4D0010A38E /* Assets.xcassets */ = {isa = PBXFileReference; lastKnownFileType = folder.assetcatalog; path = Assets.xcassets; sourceTree = "<group>"; };
		50322F992D1F3A4D0010A38E /* CreateTaskViewModel.swift */ = {isa = PBXFileReference; lastKnownFileType = sourcecode.swift; path = CreateTaskViewModel.swift; sourceTree = "<group>"; };
		50322F9A2D1F3A4D0010A38E /* TaskListViewModel.swift */ = {isa = PBXFileReference; lastKnownFileType = sourcecode.swift; path = TaskListViewModel.swift; sourceTree = "<group>"; };
		50322F9C2D1F3A4D0010A38E /* ColorCell.swift */ = {isa = PBXFileReference; lastKnownFileType = sourcecode.swift; path = ColorCell.swift; sourceTree = "<group>"; };
		50322F9D2D1F3A4D0010A38E /* EmojiCell.swift */ = {isa = PBXFileReference; lastKnownFileType = sourcecode.swift; path = EmojiCell.swift; sourceTree = "<group>"; };
		50322F9E2D1F3A4D0010A38E /* SectionHeaderCollectionView.swift */ = {isa = PBXFileReference; lastKnownFileType = sourcecode.swift; path = SectionHeaderCollectionView.swift; sourceTree = "<group>"; };
		50322FA02D1F3A4D0010A38E /* TaskCell.swift */ = {isa = PBXFileReference; lastKnownFileType = sourcecode.swift; path = TaskCell.swift; sourceTree = "<group>"; };
		50322FA32D1F3A4D0010A38E /* ScheduleSelectionCell.swift */ = {isa = PBXFileReference; lastKnownFileType = sourcecode.swift; path = ScheduleSelectionCell.swift; sourceTree = "<group>"; };
		50322FA42D1F3A4D0010A38E /* SettingTaskSelectionCell.swift */ = {isa = PBXFileReference; lastKnownFileType = sourcecode.swift; path = SettingTaskSelectionCell.swift; sourceTree = "<group>"; };
		50322FA72D1F3A4D0010A38E /* CategorySelectionViewController.swift */ = {isa = PBXFileReference; lastKnownFileType = sourcecode.swift; path = CategorySelectionViewController.swift; sourceTree = "<group>"; };
		50322FA82D1F3A4D0010A38E /* CreateTaskViewController.swift */ = {isa = PBXFileReference; lastKnownFileType = sourcecode.swift; path = CreateTaskViewController.swift; sourceTree = "<group>"; };
		50322FA92D1F3A4D0010A38E /* ScheduleSelectionViewController.swift */ = {isa = PBXFileReference; lastKnownFileType = sourcecode.swift; path = ScheduleSelectionViewController.swift; sourceTree = "<group>"; };
		50322FAA2D1F3A4D0010A38E /* TypeSelectionViewController.swift */ = {isa = PBXFileReference; lastKnownFileType = sourcecode.swift; path = TypeSelectionViewController.swift; sourceTree = "<group>"; };
		50322FAC2D1F3A4D0010A38E /* StatisticViewController.swift */ = {isa = PBXFileReference; lastKnownFileType = sourcecode.swift; path = StatisticViewController.swift; sourceTree = "<group>"; };
		50322FAE2D1F3A4D0010A38E /* TaskListViewController.swift */ = {isa = PBXFileReference; lastKnownFileType = sourcecode.swift; path = TaskListViewController.swift; sourceTree = "<group>"; };
		50322FB02D1F3A4D0010A38E /* TabBarController.swift */ = {isa = PBXFileReference; lastKnownFileType = sourcecode.swift; path = TabBarController.swift; sourceTree = "<group>"; };
		50322FB32D1F3A4D0010A38E /* AppDelegate.swift */ = {isa = PBXFileReference; lastKnownFileType = sourcecode.swift; path = AppDelegate.swift; sourceTree = "<group>"; };
		50322FB42D1F3A4D0010A38E /* Info.plist */ = {isa = PBXFileReference; lastKnownFileType = text.plist.xml; path = Info.plist; sourceTree = "<group>"; };
		50322FB52D1F3A4D0010A38E /* Base */ = {isa = PBXFileReference; lastKnownFileType = file.storyboard; name = Base; path = Base.lproj/LaunchScreen.storyboard; sourceTree = "<group>"; };
		50322FB72D1F3A4D0010A38E /* SceneDelegate.swift */ = {isa = PBXFileReference; lastKnownFileType = sourcecode.swift; path = SceneDelegate.swift; sourceTree = "<group>"; };
		50322FBA2D1F3A4D0010A38E /* TrackerCoreData.xcdatamodel */ = {isa = PBXFileReference; lastKnownFileType = wrapper.xcdatamodel; path = TrackerCoreData.xcdatamodel; sourceTree = "<group>"; };
/* End PBXFileReference section */

/* Begin PBXFrameworksBuildPhase section */
		4BCEAE952CA57669004C4D46 /* Frameworks */ = {
			isa = PBXFrameworksBuildPhase;
			buildActionMask = 2147483647;
			files = (
			);
			runOnlyForDeploymentPostprocessing = 0;
		};
/* End PBXFrameworksBuildPhase section */

/* Begin PBXGroup section */
		4BCEAE8F2CA57669004C4D46 = {
			isa = PBXGroup;
			children = (
				50322FB92D1F3A4D0010A38E /* Tracker */,
				4BCEAE992CA57669004C4D46 /* Products */,
			);
			sourceTree = "<group>";
		};
		4BCEAE992CA57669004C4D46 /* Products */ = {
			isa = PBXGroup;
			children = (
				4BCEAE982CA57669004C4D46 /* Tracker.app */,
			);
			name = Products;
			sourceTree = "<group>";
		};
		50322F832D1F3A4D0010A38E /* CDClasses */ = {
			isa = PBXGroup;
			children = (
				50322F7D2D1F3A4D0010A38E /* CDTracker+CoreDataClass.swift */,
				50322F7E2D1F3A4D0010A38E /* CDTracker+CoreDataProperties.swift */,
				50322F7F2D1F3A4D0010A38E /* CDTrackerCategory+CoreDataClass.swift */,
				50322F802D1F3A4D0010A38E /* CDTrackerCategory+CoreDataProperties.swift */,
				50322F812D1F3A4D0010A38E /* CDTrackerRecord+CoreDataClass.swift */,
				50322F822D1F3A4D0010A38E /* CDTrackerRecord+CoreDataProperties.swift */,
			);
			path = CDClasses;
			sourceTree = "<group>";
		};
		50322F8A2D1F3A4D0010A38E /* Core Data */ = {
			isa = PBXGroup;
			children = (
				50322F832D1F3A4D0010A38E /* CDClasses */,
				50322F842D1F3A4D0010A38E /* CoreDataManager.swift */,
				50322F852D1F3A4D0010A38E /* DaysValueTransformer.swift */,
				50322F862D1F3A4D0010A38E /* StoreManager.swift */,
				50322F872D1F3A4D0010A38E /* TrackerCategoryStore.swift */,
				50322F882D1F3A4D0010A38E /* TrackerRecordStore.swift */,
				50322F892D1F3A4D0010A38E /* TrackerStore.swift */,
			);
			path = "Core Data";
			sourceTree = "<group>";
		};
		50322F902D1F3A4D0010A38E /* Helpers */ = {
			isa = PBXGroup;
			children = (
				50322F8B2D1F3A4D0010A38E /* Date+Extensions.swift */,
				50322F8C2D1F3A4D0010A38E /* UIButton+Extensions.swift */,
				50322F8D2D1F3A4D0010A38E /* UIColor+Extensions.swift */,
				50322F8E2D1F3A4D0010A38E /* UILabel+Extensions.swift */,
				50322F8F2D1F3A4D0010A38E /* UINavigationBar+Extensions.swift */,
			);
			path = Helpers;
			sourceTree = "<group>";
		};
		50322F962D1F3A4D0010A38E /* Models */ = {
			isa = PBXGroup;
			children = (
				50322F912D1F3A4D0010A38E /* TaskType.swift */,
				50322F922D1F3A4D0010A38E /* Tracker.swift */,
				50322F932D1F3A4D0010A38E /* TrackerCategory.swift */,
				50322F942D1F3A4D0010A38E /* TrackerRecord.swift */,
				50322F952D1F3A4D0010A38E /* Weekdays.swift */,
			);
			path = Models;
			sourceTree = "<group>";
		};
		50322F982D1F3A4D0010A38E /* Resources */ = {
			isa = PBXGroup;
			children = (
				50322F972D1F3A4D0010A38E /* Assets.xcassets */,
			);
			path = Resources;
			sourceTree = "<group>";
		};
		50322F9B2D1F3A4D0010A38E /* ViewModels */ = {
			isa = PBXGroup;
			children = (
				50322F992D1F3A4D0010A38E /* CreateTaskViewModel.swift */,
				50322F9A2D1F3A4D0010A38E /* TaskListViewModel.swift */,
			);
			path = ViewModels;
			sourceTree = "<group>";
		};
		50322F9F2D1F3A4D0010A38E /* Create Task Screen */ = {
			isa = PBXGroup;
			children = (
				50322F9C2D1F3A4D0010A38E /* ColorCell.swift */,
				50322F9D2D1F3A4D0010A38E /* EmojiCell.swift */,
				50322F9E2D1F3A4D0010A38E /* SectionHeaderCollectionView.swift */,
			);
			path = "Create Task Screen";
			sourceTree = "<group>";
		};
		50322FA12D1F3A4D0010A38E /* Trackers Screen */ = {
			isa = PBXGroup;
			children = (
				50322FA02D1F3A4D0010A38E /* TaskCell.swift */,
			);
			path = "Trackers Screen";
			sourceTree = "<group>";
		};
		50322FA22D1F3A4D0010A38E /* CollectionView */ = {
			isa = PBXGroup;
			children = (
				50322F9F2D1F3A4D0010A38E /* Create Task Screen */,
				50322FA12D1F3A4D0010A38E /* Trackers Screen */,
			);
			path = CollectionView;
			sourceTree = "<group>";
		};
		50322FA52D1F3A4D0010A38E /* TableView */ = {
			isa = PBXGroup;
			children = (
				50322FA32D1F3A4D0010A38E /* ScheduleSelectionCell.swift */,
				50322FA42D1F3A4D0010A38E /* SettingTaskSelectionCell.swift */,
			);
			path = TableView;
			sourceTree = "<group>";
		};
		50322FA62D1F3A4D0010A38E /* Cells */ = {
			isa = PBXGroup;
			children = (
				50322FA22D1F3A4D0010A38E /* CollectionView */,
				50322FA52D1F3A4D0010A38E /* TableView */,
			);
			path = Cells;
			sourceTree = "<group>";
		};
		50322FAB2D1F3A4D0010A38E /* Create Task Screen */ = {
			isa = PBXGroup;
			children = (
				50322FA72D1F3A4D0010A38E /* CategorySelectionViewController.swift */,
				50322FA82D1F3A4D0010A38E /* CreateTaskViewController.swift */,
				50322FA92D1F3A4D0010A38E /* ScheduleSelectionViewController.swift */,
				50322FAA2D1F3A4D0010A38E /* TypeSelectionViewController.swift */,
			);
			path = "Create Task Screen";
			sourceTree = "<group>";
		};
		50322FAD2D1F3A4D0010A38E /* Statistic Screen */ = {
			isa = PBXGroup;
			children = (
				50322FAC2D1F3A4D0010A38E /* StatisticViewController.swift */,
			);
			path = "Statistic Screen";
			sourceTree = "<group>";
		};
		50322FAF2D1F3A4D0010A38E /* Trackers Screen */ = {
			isa = PBXGroup;
			children = (
				50322FAE2D1F3A4D0010A38E /* TaskListViewController.swift */,
			);
			path = "Trackers Screen";
			sourceTree = "<group>";
		};
		50322FB12D1F3A4D0010A38E /* Controllers */ = {
			isa = PBXGroup;
			children = (
				50322FAB2D1F3A4D0010A38E /* Create Task Screen */,
				50322FAD2D1F3A4D0010A38E /* Statistic Screen */,
				50322FAF2D1F3A4D0010A38E /* Trackers Screen */,
				50322FB02D1F3A4D0010A38E /* TabBarController.swift */,
			);
			path = Controllers;
			sourceTree = "<group>";
		};
		50322FB22D1F3A4D0010A38E /* Views */ = {
			isa = PBXGroup;
			children = (
				50322FA62D1F3A4D0010A38E /* Cells */,
				50322FB12D1F3A4D0010A38E /* Controllers */,
			);
			path = Views;
			sourceTree = "<group>";
		};
		50322FB92D1F3A4D0010A38E /* Tracker */ = {
			isa = PBXGroup;
			children = (
				50322F8A2D1F3A4D0010A38E /* Core Data */,
				50322F902D1F3A4D0010A38E /* Helpers */,
				50322F962D1F3A4D0010A38E /* Models */,
				50322F982D1F3A4D0010A38E /* Resources */,
				50322F9B2D1F3A4D0010A38E /* ViewModels */,
				50322FB22D1F3A4D0010A38E /* Views */,
				50322FB32D1F3A4D0010A38E /* AppDelegate.swift */,
				50322FB42D1F3A4D0010A38E /* Info.plist */,
				50322FB62D1F3A4D0010A38E /* LaunchScreen.storyboard */,
				50322FB72D1F3A4D0010A38E /* SceneDelegate.swift */,
				50322FB82D1F3A4D0010A38E /* TrackerCoreData.xcdatamodeld */,
			);
			path = Tracker;
			sourceTree = "<group>";
		};
/* End PBXGroup section */

/* Begin PBXNativeTarget section */
		4BCEAE972CA57669004C4D46 /* Tracker */ = {
			isa = PBXNativeTarget;
			buildConfigurationList = 4BCEAEAB2CA5766A004C4D46 /* Build configuration list for PBXNativeTarget "Tracker" */;
			buildPhases = (
				4BCEAE942CA57669004C4D46 /* Sources */,
				4BCEAE952CA57669004C4D46 /* Frameworks */,
				4BCEAE962CA57669004C4D46 /* Resources */,
			);
			buildRules = (
			);
			dependencies = (
			);
			name = Tracker;
			packageProductDependencies = (
			);
			productName = Tracker;
			productReference = 4BCEAE982CA57669004C4D46 /* Tracker.app */;
			productType = "com.apple.product-type.application";
		};
/* End PBXNativeTarget section */

/* Begin PBXProject section */
		4BCEAE902CA57669004C4D46 /* Project object */ = {
			isa = PBXProject;
			attributes = {
				BuildIndependentTargetsInParallel = 1;
				LastSwiftUpdateCheck = 1600;
				LastUpgradeCheck = 1600;
				TargetAttributes = {
					4BCEAE972CA57669004C4D46 = {
						CreatedOnToolsVersion = 16.0;
					};
				};
			};
			buildConfigurationList = 4BCEAE932CA57669004C4D46 /* Build configuration list for PBXProject "Tracker" */;
			compatibilityVersion = "Xcode 15.0";
			developmentRegion = en;
			hasScannedForEncodings = 0;
			knownRegions = (
				en,
				Base,
			);
			mainGroup = 4BCEAE8F2CA57669004C4D46;
			minimizedProjectReferenceProxies = 1;
			packageReferences = (
			);
			productRefGroup = 4BCEAE992CA57669004C4D46 /* Products */;
			projectDirPath = "";
			projectRoot = "";
			targets = (
				4BCEAE972CA57669004C4D46 /* Tracker */,
			);
		};
/* End PBXProject section */

/* Begin PBXResourcesBuildPhase section */
		4BCEAE962CA57669004C4D46 /* Resources */ = {
			isa = PBXResourcesBuildPhase;
			buildActionMask = 2147483647;
			files = (
				50322FE32D1F3A4D0010A38E /* Assets.xcassets in Resources */,
				50322FE52D1F3A4D0010A38E /* LaunchScreen.storyboard in Resources */,
			);
			runOnlyForDeploymentPostprocessing = 0;
		};
/* End PBXResourcesBuildPhase section */

/* Begin PBXSourcesBuildPhase section */
		4BCEAE942CA57669004C4D46 /* Sources */ = {
			isa = PBXSourcesBuildPhase;
			buildActionMask = 2147483647;
			files = (
				50322FBB2D1F3A4D0010A38E /* CDTracker+CoreDataClass.swift in Sources */,
				50322FBC2D1F3A4D0010A38E /* CDTracker+CoreDataProperties.swift in Sources */,
				50322FBD2D1F3A4D0010A38E /* CDTrackerCategory+CoreDataClass.swift in Sources */,
				50322FBE2D1F3A4D0010A38E /* CDTrackerCategory+CoreDataProperties.swift in Sources */,
				50322FBF2D1F3A4D0010A38E /* CDTrackerRecord+CoreDataClass.swift in Sources */,
				50322FC02D1F3A4D0010A38E /* CDTrackerRecord+CoreDataProperties.swift in Sources */,
				50322FC12D1F3A4D0010A38E /* CoreDataManager.swift in Sources */,
				50322FC22D1F3A4D0010A38E /* DaysValueTransformer.swift in Sources */,
				50322FC32D1F3A4D0010A38E /* StoreManager.swift in Sources */,
				50322FC42D1F3A4D0010A38E /* TrackerCategoryStore.swift in Sources */,
				50322FC52D1F3A4D0010A38E /* TrackerRecordStore.swift in Sources */,
				50322FC62D1F3A4D0010A38E /* TrackerStore.swift in Sources */,
				50322FC72D1F3A4D0010A38E /* Date+Extensions.swift in Sources */,
				50322FC82D1F3A4D0010A38E /* UIButton+Extensions.swift in Sources */,
				50322FC92D1F3A4D0010A38E /* UIColor+Extensions.swift in Sources */,
				50322FCA2D1F3A4D0010A38E /* UILabel+Extensions.swift in Sources */,
				50322FCB2D1F3A4D0010A38E /* UINavigationBar+Extensions.swift in Sources */,
				50322FCC2D1F3A4D0010A38E /* TaskType.swift in Sources */,
				50322FCD2D1F3A4D0010A38E /* Tracker.swift in Sources */,
				50322FCE2D1F3A4D0010A38E /* TrackerCategory.swift in Sources */,
				50322FCF2D1F3A4D0010A38E /* TrackerRecord.swift in Sources */,
				50322FD02D1F3A4D0010A38E /* Weekdays.swift in Sources */,
				50322FD12D1F3A4D0010A38E /* CreateTaskViewModel.swift in Sources */,
				50322FD22D1F3A4D0010A38E /* TaskListViewModel.swift in Sources */,
				50322FD32D1F3A4D0010A38E /* ColorCell.swift in Sources */,
				50322FD42D1F3A4D0010A38E /* EmojiCell.swift in Sources */,
				50322FD52D1F3A4D0010A38E /* SectionHeaderCollectionView.swift in Sources */,
				50322FD62D1F3A4D0010A38E /* TaskCell.swift in Sources */,
				50322FD72D1F3A4D0010A38E /* ScheduleSelectionCell.swift in Sources */,
				50322FD82D1F3A4D0010A38E /* SettingTaskSelectionCell.swift in Sources */,
				50322FD92D1F3A4D0010A38E /* CategorySelectionViewController.swift in Sources */,
				50322FDA2D1F3A4D0010A38E /* CreateTaskViewController.swift in Sources */,
				50322FDB2D1F3A4D0010A38E /* ScheduleSelectionViewController.swift in Sources */,
				50322FDC2D1F3A4D0010A38E /* TypeSelectionViewController.swift in Sources */,
				50322FDD2D1F3A4D0010A38E /* StatisticViewController.swift in Sources */,
				50322FDE2D1F3A4D0010A38E /* TaskListViewController.swift in Sources */,
				50322FDF2D1F3A4D0010A38E /* TabBarController.swift in Sources */,
				50322FE02D1F3A4D0010A38E /* AppDelegate.swift in Sources */,
				50322FE12D1F3A4D0010A38E /* SceneDelegate.swift in Sources */,
				50322FE22D1F3A4D0010A38E /* TrackerCoreData.xcdatamodeld in Sources */,
			);
			runOnlyForDeploymentPostprocessing = 0;
		};
/* End PBXSourcesBuildPhase section */

/* Begin PBXVariantGroup section */
		50322FB62D1F3A4D0010A38E /* LaunchScreen.storyboard */ = {
			isa = PBXVariantGroup;
			children = (
				50322FB52D1F3A4D0010A38E /* Base */,
			);
			name = LaunchScreen.storyboard;
			sourceTree = "<group>";
		};
/* End PBXVariantGroup section */

/* Begin XCBuildConfiguration section */
		4BCEAEAC2CA5766A004C4D46 /* Debug */ = {
			isa = XCBuildConfiguration;
			buildSettings = {
				ASSETCATALOG_COMPILER_APPICON_NAME = AppIcon;
				ASSETCATALOG_COMPILER_GLOBAL_ACCENT_COLOR_NAME = AccentColor;
				CODE_SIGN_STYLE = Automatic;
				CURRENT_PROJECT_VERSION = 1;
				DEVELOPMENT_TEAM = 4644EDH5S5;
				GENERATE_INFOPLIST_FILE = YES;
				INFOPLIST_FILE = Tracker/Info.plist;
				INFOPLIST_KEY_UIApplicationSupportsIndirectInputEvents = YES;
				INFOPLIST_KEY_UILaunchStoryboardName = LaunchScreen;
				INFOPLIST_KEY_UISupportedInterfaceOrientations = UIInterfaceOrientationPortrait;
				INFOPLIST_KEY_UISupportedInterfaceOrientations_iPad = "UIInterfaceOrientationLandscapeLeft UIInterfaceOrientationLandscapeRight UIInterfaceOrientationPortrait UIInterfaceOrientationPortraitUpsideDown";
				IPHONEOS_DEPLOYMENT_TARGET = 13.4;
				LD_RUNPATH_SEARCH_PATHS = (
					"$(inherited)",
					"@executable_path/Frameworks",
				);
				MARKETING_VERSION = 1.0;
				PRODUCT_BUNDLE_IDENTIFIER = companyHolder.Tracker;
				PRODUCT_NAME = "$(TARGET_NAME)";
				SUPPORTED_PLATFORMS = "iphoneos iphonesimulator";
				SUPPORTS_MACCATALYST = NO;
				SUPPORTS_MAC_DESIGNED_FOR_IPHONE_IPAD = NO;
				SUPPORTS_XR_DESIGNED_FOR_IPHONE_IPAD = NO;
				SWIFT_EMIT_LOC_STRINGS = YES;
				SWIFT_VERSION = 5.0;
				TARGETED_DEVICE_FAMILY = 1;
			};
			name = Debug;
		};
		4BCEAEAD2CA5766A004C4D46 /* Release */ = {
			isa = XCBuildConfiguration;
			buildSettings = {
				ASSETCATALOG_COMPILER_APPICON_NAME = AppIcon;
				ASSETCATALOG_COMPILER_GLOBAL_ACCENT_COLOR_NAME = AccentColor;
				CODE_SIGN_STYLE = Automatic;
				CURRENT_PROJECT_VERSION = 1;
				DEVELOPMENT_TEAM = 4644EDH5S5;
				GENERATE_INFOPLIST_FILE = YES;
				INFOPLIST_FILE = Tracker/Info.plist;
				INFOPLIST_KEY_UIApplicationSupportsIndirectInputEvents = YES;
				INFOPLIST_KEY_UILaunchStoryboardName = LaunchScreen;
				INFOPLIST_KEY_UISupportedInterfaceOrientations = UIInterfaceOrientationPortrait;
				INFOPLIST_KEY_UISupportedInterfaceOrientations_iPad = "UIInterfaceOrientationLandscapeLeft UIInterfaceOrientationLandscapeRight UIInterfaceOrientationPortrait UIInterfaceOrientationPortraitUpsideDown";
				IPHONEOS_DEPLOYMENT_TARGET = 13.4;
				LD_RUNPATH_SEARCH_PATHS = (
					"$(inherited)",
					"@executable_path/Frameworks",
				);
				MARKETING_VERSION = 1.0;
				PRODUCT_BUNDLE_IDENTIFIER = companyHolder.Tracker;
				PRODUCT_NAME = "$(TARGET_NAME)";
				SUPPORTED_PLATFORMS = "iphoneos iphonesimulator";
				SUPPORTS_MACCATALYST = NO;
				SUPPORTS_MAC_DESIGNED_FOR_IPHONE_IPAD = NO;
				SUPPORTS_XR_DESIGNED_FOR_IPHONE_IPAD = NO;
				SWIFT_EMIT_LOC_STRINGS = YES;
				SWIFT_VERSION = 5.0;
				TARGETED_DEVICE_FAMILY = 1;
			};
			name = Release;
		};
		4BCEAEAE2CA5766A004C4D46 /* Debug */ = {
			isa = XCBuildConfiguration;
			buildSettings = {
				ALWAYS_SEARCH_USER_PATHS = NO;
				ASSETCATALOG_COMPILER_GENERATE_SWIFT_ASSET_SYMBOL_EXTENSIONS = YES;
				CLANG_ANALYZER_NONNULL = YES;
				CLANG_ANALYZER_NUMBER_OBJECT_CONVERSION = YES_AGGRESSIVE;
				CLANG_CXX_LANGUAGE_STANDARD = "gnu++20";
				CLANG_ENABLE_MODULES = YES;
				CLANG_ENABLE_OBJC_ARC = YES;
				CLANG_ENABLE_OBJC_WEAK = YES;
				CLANG_WARN_BLOCK_CAPTURE_AUTORELEASING = YES;
				CLANG_WARN_BOOL_CONVERSION = YES;
				CLANG_WARN_COMMA = YES;
				CLANG_WARN_CONSTANT_CONVERSION = YES;
				CLANG_WARN_DEPRECATED_OBJC_IMPLEMENTATIONS = YES;
				CLANG_WARN_DIRECT_OBJC_ISA_USAGE = YES_ERROR;
				CLANG_WARN_DOCUMENTATION_COMMENTS = YES;
				CLANG_WARN_EMPTY_BODY = YES;
				CLANG_WARN_ENUM_CONVERSION = YES;
				CLANG_WARN_INFINITE_RECURSION = YES;
				CLANG_WARN_INT_CONVERSION = YES;
				CLANG_WARN_NON_LITERAL_NULL_CONVERSION = YES;
				CLANG_WARN_OBJC_IMPLICIT_RETAIN_SELF = YES;
				CLANG_WARN_OBJC_LITERAL_CONVERSION = YES;
				CLANG_WARN_OBJC_ROOT_CLASS = YES_ERROR;
				CLANG_WARN_QUOTED_INCLUDE_IN_FRAMEWORK_HEADER = YES;
				CLANG_WARN_RANGE_LOOP_ANALYSIS = YES;
				CLANG_WARN_STRICT_PROTOTYPES = YES;
				CLANG_WARN_SUSPICIOUS_MOVE = YES;
				CLANG_WARN_UNGUARDED_AVAILABILITY = YES_AGGRESSIVE;
				CLANG_WARN_UNREACHABLE_CODE = YES;
				CLANG_WARN__DUPLICATE_METHOD_MATCH = YES;
				COPY_PHASE_STRIP = NO;
				DEBUG_INFORMATION_FORMAT = dwarf;
				ENABLE_STRICT_OBJC_MSGSEND = YES;
				ENABLE_TESTABILITY = YES;
				ENABLE_USER_SCRIPT_SANDBOXING = YES;
				GCC_C_LANGUAGE_STANDARD = gnu17;
				GCC_DYNAMIC_NO_PIC = NO;
				GCC_NO_COMMON_BLOCKS = YES;
				GCC_OPTIMIZATION_LEVEL = 0;
				GCC_PREPROCESSOR_DEFINITIONS = (
					"DEBUG=1",
					"$(inherited)",
				);
				GCC_WARN_64_TO_32_BIT_CONVERSION = YES;
				GCC_WARN_ABOUT_RETURN_TYPE = YES_ERROR;
				GCC_WARN_UNDECLARED_SELECTOR = YES;
				GCC_WARN_UNINITIALIZED_AUTOS = YES_AGGRESSIVE;
				GCC_WARN_UNUSED_FUNCTION = YES;
				GCC_WARN_UNUSED_VARIABLE = YES;
				IPHONEOS_DEPLOYMENT_TARGET = 18.0;
				LOCALIZATION_PREFERS_STRING_CATALOGS = YES;
				MTL_ENABLE_DEBUG_INFO = INCLUDE_SOURCE;
				MTL_FAST_MATH = YES;
				ONLY_ACTIVE_ARCH = YES;
				SDKROOT = iphoneos;
				SWIFT_ACTIVE_COMPILATION_CONDITIONS = "DEBUG $(inherited)";
				SWIFT_OPTIMIZATION_LEVEL = "-Onone";
			};
			name = Debug;
		};
		4BCEAEAF2CA5766A004C4D46 /* Release */ = {
			isa = XCBuildConfiguration;
			buildSettings = {
				ALWAYS_SEARCH_USER_PATHS = NO;
				ASSETCATALOG_COMPILER_GENERATE_SWIFT_ASSET_SYMBOL_EXTENSIONS = YES;
				CLANG_ANALYZER_NONNULL = YES;
				CLANG_ANALYZER_NUMBER_OBJECT_CONVERSION = YES_AGGRESSIVE;
				CLANG_CXX_LANGUAGE_STANDARD = "gnu++20";
				CLANG_ENABLE_MODULES = YES;
				CLANG_ENABLE_OBJC_ARC = YES;
				CLANG_ENABLE_OBJC_WEAK = YES;
				CLANG_WARN_BLOCK_CAPTURE_AUTORELEASING = YES;
				CLANG_WARN_BOOL_CONVERSION = YES;
				CLANG_WARN_COMMA = YES;
				CLANG_WARN_CONSTANT_CONVERSION = YES;
				CLANG_WARN_DEPRECATED_OBJC_IMPLEMENTATIONS = YES;
				CLANG_WARN_DIRECT_OBJC_ISA_USAGE = YES_ERROR;
				CLANG_WARN_DOCUMENTATION_COMMENTS = YES;
				CLANG_WARN_EMPTY_BODY = YES;
				CLANG_WARN_ENUM_CONVERSION = YES;
				CLANG_WARN_INFINITE_RECURSION = YES;
				CLANG_WARN_INT_CONVERSION = YES;
				CLANG_WARN_NON_LITERAL_NULL_CONVERSION = YES;
				CLANG_WARN_OBJC_IMPLICIT_RETAIN_SELF = YES;
				CLANG_WARN_OBJC_LITERAL_CONVERSION = YES;
				CLANG_WARN_OBJC_ROOT_CLASS = YES_ERROR;
				CLANG_WARN_QUOTED_INCLUDE_IN_FRAMEWORK_HEADER = YES;
				CLANG_WARN_RANGE_LOOP_ANALYSIS = YES;
				CLANG_WARN_STRICT_PROTOTYPES = YES;
				CLANG_WARN_SUSPICIOUS_MOVE = YES;
				CLANG_WARN_UNGUARDED_AVAILABILITY = YES_AGGRESSIVE;
				CLANG_WARN_UNREACHABLE_CODE = YES;
				CLANG_WARN__DUPLICATE_METHOD_MATCH = YES;
				COPY_PHASE_STRIP = NO;
				DEBUG_INFORMATION_FORMAT = "dwarf-with-dsym";
				ENABLE_NS_ASSERTIONS = NO;
				ENABLE_STRICT_OBJC_MSGSEND = YES;
				ENABLE_USER_SCRIPT_SANDBOXING = YES;
				GCC_C_LANGUAGE_STANDARD = gnu17;
				GCC_NO_COMMON_BLOCKS = YES;
				GCC_WARN_64_TO_32_BIT_CONVERSION = YES;
				GCC_WARN_ABOUT_RETURN_TYPE = YES_ERROR;
				GCC_WARN_UNDECLARED_SELECTOR = YES;
				GCC_WARN_UNINITIALIZED_AUTOS = YES_AGGRESSIVE;
				GCC_WARN_UNUSED_FUNCTION = YES;
				GCC_WARN_UNUSED_VARIABLE = YES;
				IPHONEOS_DEPLOYMENT_TARGET = 18.0;
				LOCALIZATION_PREFERS_STRING_CATALOGS = YES;
				MTL_ENABLE_DEBUG_INFO = NO;
				MTL_FAST_MATH = YES;
				SDKROOT = iphoneos;
				SWIFT_COMPILATION_MODE = wholemodule;
				VALIDATE_PRODUCT = YES;
			};
			name = Release;
		};
/* End XCBuildConfiguration section */

/* Begin XCConfigurationList section */
		4BCEAE932CA57669004C4D46 /* Build configuration list for PBXProject "Tracker" */ = {
			isa = XCConfigurationList;
			buildConfigurations = (
				4BCEAEAE2CA5766A004C4D46 /* Debug */,
				4BCEAEAF2CA5766A004C4D46 /* Release */,
			);
			defaultConfigurationIsVisible = 0;
			defaultConfigurationName = Release;
		};
		4BCEAEAB2CA5766A004C4D46 /* Build configuration list for PBXNativeTarget "Tracker" */ = {
			isa = XCConfigurationList;
			buildConfigurations = (
				4BCEAEAC2CA5766A004C4D46 /* Debug */,
				4BCEAEAD2CA5766A004C4D46 /* Release */,
			);
			defaultConfigurationIsVisible = 0;
			defaultConfigurationName = Release;
		};
/* End XCConfigurationList section */

/* Begin XCVersionGroup section */
		50322FB82D1F3A4D0010A38E /* TrackerCoreData.xcdatamodeld */ = {
			isa = XCVersionGroup;
			children = (
				50322FBA2D1F3A4D0010A38E /* TrackerCoreData.xcdatamodel */,
			);
			currentVersion = 50322FBA2D1F3A4D0010A38E /* TrackerCoreData.xcdatamodel */;
			path = TrackerCoreData.xcdatamodeld;
			sourceTree = "<group>";
			versionGroupType = wrapper.xcdatamodel;
		};
/* End XCVersionGroup section */
	};
	rootObject = 4BCEAE902CA57669004C4D46 /* Project object */;
}
