// !$*UTF8*$!
{
	archiveVersion = 1;
	classes = {
	};
	objectVersion = 77;
	objects = {

/* Begin PBXBuildFile section */
		501AFECF2D0AD92D0022F8D1 /* StoreErrors.swift in Sources */ = {isa = PBXBuildFile; fileRef = 501AFECE2D0AD92D0022F8D1 /* StoreErrors.swift */; };
		501AFED32D0AEE520022F8D1 /* DataBaseManager.swift in Sources */ = {isa = PBXBuildFile; fileRef = 501AFED22D0AEE520022F8D1 /* DataBaseManager.swift */; };
		50322A8F2D10A0DA0010A38E /* Constants.swift in Sources */ = {isa = PBXBuildFile; fileRef = 50322A8E2D10A0DA0010A38E /* Constants.swift */; };
		504141012CFE378700A75A58 /* TrackerStore.swift in Sources */ = {isa = PBXBuildFile; fileRef = 504141002CFE378700A75A58 /* TrackerStore.swift */; };
		504141032CFEEE4500A75A58 /* TrackerCategoryStore.swift in Sources */ = {isa = PBXBuildFile; fileRef = 504141022CFEEE4500A75A58 /* TrackerCategoryStore.swift */; };
		504141052CFEEE9400A75A58 /* TrackerRecordStore.swift in Sources */ = {isa = PBXBuildFile; fileRef = 504141042CFEEE9400A75A58 /* TrackerRecordStore.swift */; };
		508916122CEE491900AADB31 /* ScheduleViewController.swift in Sources */ = {isa = PBXBuildFile; fileRef = 508915FD2CEE491900AADB31 /* ScheduleViewController.swift */; };
		508916132CEE491900AADB31 /* SwitchTableViewCell.swift in Sources */ = {isa = PBXBuildFile; fileRef = 508915FE2CEE491900AADB31 /* SwitchTableViewCell.swift */; };
		508916142CEE491900AADB31 /* TrackerCategoryHeaderView.swift in Sources */ = {isa = PBXBuildFile; fileRef = 508916002CEE491900AADB31 /* TrackerCategoryHeaderView.swift */; };
		508916152CEE491900AADB31 /* TrackerCollectionViewCell.swift in Sources */ = {isa = PBXBuildFile; fileRef = 508916012CEE491900AADB31 /* TrackerCollectionViewCell.swift */; };
		508916162CEE491900AADB31 /* TrackerHabbitViewCell.swift in Sources */ = {isa = PBXBuildFile; fileRef = 508916032CEE491900AADB31 /* TrackerHabbitViewCell.swift */; };
		508916172CEE491900AADB31 /* TrackerHabbitViewController.swift in Sources */ = {isa = PBXBuildFile; fileRef = 508916042CEE491900AADB31 /* TrackerHabbitViewController.swift */; };
		508916192CEE491900AADB31 /* TrackersViewController.swift in Sources */ = {isa = PBXBuildFile; fileRef = 508916072CEE491900AADB31 /* TrackersViewController.swift */; };
		5089161A2CEE491900AADB31 /* AppDelegate.swift in Sources */ = {isa = PBXBuildFile; fileRef = 508916092CEE491900AADB31 /* AppDelegate.swift */; };
		5089161B2CEE491900AADB31 /* SceneDelegate.swift in Sources */ = {isa = PBXBuildFile; fileRef = 5089160C2CEE491900AADB31 /* SceneDelegate.swift */; };
		5089161C2CEE491900AADB31 /* Statistics.swift in Sources */ = {isa = PBXBuildFile; fileRef = 5089160D2CEE491900AADB31 /* Statistics.swift */; };
		5089161D2CEE491900AADB31 /* TabBarController.swift in Sources */ = {isa = PBXBuildFile; fileRef = 5089160E2CEE491900AADB31 /* TabBarController.swift */; };
		5089161E2CEE491900AADB31 /* TrackerCreateViewController.swift in Sources */ = {isa = PBXBuildFile; fileRef = 5089160F2CEE491900AADB31 /* TrackerCreateViewController.swift */; };
		5089161F2CEE491900AADB31 /* TrackerIrregularViewController.swift in Sources */ = {isa = PBXBuildFile; fileRef = 508916102CEE491900AADB31 /* TrackerIrregularViewController.swift */; };
		508916202CEE491900AADB31 /* Assets.xcassets in Resources */ = {isa = PBXBuildFile; fileRef = 5089160A2CEE491900AADB31 /* Assets.xcassets */; };
		508916252CEE5BDA00AADB31 /* Tracker.swift in Sources */ = {isa = PBXBuildFile; fileRef = 508916242CEE5BDA00AADB31 /* Tracker.swift */; };
		508916272CEE5BFC00AADB31 /* TrackerCategory.swift in Sources */ = {isa = PBXBuildFile; fileRef = 508916262CEE5BFC00AADB31 /* TrackerCategory.swift */; };
		508916292CEE5C1100AADB31 /* TrackerRecord.swift in Sources */ = {isa = PBXBuildFile; fileRef = 508916282CEE5C1100AADB31 /* TrackerRecord.swift */; };
		5089162B2CEE5C3100AADB31 /* TrackerType.swift in Sources */ = {isa = PBXBuildFile; fileRef = 5089162A2CEE5C3100AADB31 /* TrackerType.swift */; };
		5089162D2CEE5C4900AADB31 /* Weekday.swift in Sources */ = {isa = PBXBuildFile; fileRef = 5089162C2CEE5C4900AADB31 /* Weekday.swift */; };
		5089162F2CEE651F00AADB31 /* PaddedTextField.swift in Sources */ = {isa = PBXBuildFile; fileRef = 5089162E2CEE651F00AADB31 /* PaddedTextField.swift */; };
		508F979B2CF7892400795D14 /* Model.xcdatamodeld in Sources */ = {isa = PBXBuildFile; fileRef = 508F97992CF7892400795D14 /* Model.xcdatamodeld */; };
		508F97AA2CF79D9900795D14 /* DaysValueTranformer.swift in Sources */ = {isa = PBXBuildFile; fileRef = 508F97A72CF79D9900795D14 /* DaysValueTranformer.swift */; };
		508F97AB2CF79D9900795D14 /* TrackerTypeValueTransformer.swift in Sources */ = {isa = PBXBuildFile; fileRef = 508F97A82CF79D9900795D14 /* TrackerTypeValueTransformer.swift */; };
		508F97AC2CF79D9900795D14 /* UIColorSort.swift in Sources */ = {isa = PBXBuildFile; fileRef = 508F97A62CF79D9900795D14 /* UIColorSort.swift */; };
/* End PBXBuildFile section */

/* Begin PBXFileReference section */
		501AFECE2D0AD92D0022F8D1 /* StoreErrors.swift */ = {isa = PBXFileReference; lastKnownFileType = sourcecode.swift; path = StoreErrors.swift; sourceTree = "<group>"; };
		501AFED22D0AEE520022F8D1 /* DataBaseManager.swift */ = {isa = PBXFileReference; lastKnownFileType = sourcecode.swift; path = DataBaseManager.swift; sourceTree = "<group>"; };
		50322A8E2D10A0DA0010A38E /* Constants.swift */ = {isa = PBXFileReference; lastKnownFileType = sourcecode.swift; path = Constants.swift; sourceTree = "<group>"; };
		504141002CFE378700A75A58 /* TrackerStore.swift */ = {isa = PBXFileReference; lastKnownFileType = sourcecode.swift; path = TrackerStore.swift; sourceTree = "<group>"; };
		504141022CFEEE4500A75A58 /* TrackerCategoryStore.swift */ = {isa = PBXFileReference; lastKnownFileType = sourcecode.swift; path = TrackerCategoryStore.swift; sourceTree = "<group>"; };
		504141042CFEEE9400A75A58 /* TrackerRecordStore.swift */ = {isa = PBXFileReference; lastKnownFileType = sourcecode.swift; path = TrackerRecordStore.swift; sourceTree = "<group>"; };
		508915FD2CEE491900AADB31 /* ScheduleViewController.swift */ = {isa = PBXFileReference; lastKnownFileType = sourcecode.swift; path = ScheduleViewController.swift; sourceTree = "<group>"; };
		508915FE2CEE491900AADB31 /* SwitchTableViewCell.swift */ = {isa = PBXFileReference; lastKnownFileType = sourcecode.swift; path = SwitchTableViewCell.swift; sourceTree = "<group>"; };
		508916002CEE491900AADB31 /* TrackerCategoryHeaderView.swift */ = {isa = PBXFileReference; lastKnownFileType = sourcecode.swift; path = TrackerCategoryHeaderView.swift; sourceTree = "<group>"; };
		508916012CEE491900AADB31 /* TrackerCollectionViewCell.swift */ = {isa = PBXFileReference; lastKnownFileType = sourcecode.swift; path = TrackerCollectionViewCell.swift; sourceTree = "<group>"; };
		508916032CEE491900AADB31 /* TrackerHabbitViewCell.swift */ = {isa = PBXFileReference; lastKnownFileType = sourcecode.swift; path = TrackerHabbitViewCell.swift; sourceTree = "<group>"; };
		508916042CEE491900AADB31 /* TrackerHabbitViewController.swift */ = {isa = PBXFileReference; lastKnownFileType = sourcecode.swift; path = TrackerHabbitViewController.swift; sourceTree = "<group>"; };
		508916072CEE491900AADB31 /* TrackersViewController.swift */ = {isa = PBXFileReference; lastKnownFileType = sourcecode.swift; path = TrackersViewController.swift; sourceTree = "<group>"; };
		508916092CEE491900AADB31 /* AppDelegate.swift */ = {isa = PBXFileReference; lastKnownFileType = sourcecode.swift; path = AppDelegate.swift; sourceTree = "<group>"; };
		5089160A2CEE491900AADB31 /* Assets.xcassets */ = {isa = PBXFileReference; lastKnownFileType = folder.assetcatalog; path = Assets.xcassets; sourceTree = "<group>"; };
		5089160B2CEE491900AADB31 /* Info.plist */ = {isa = PBXFileReference; lastKnownFileType = text.plist.xml; path = Info.plist; sourceTree = "<group>"; };
		5089160C2CEE491900AADB31 /* SceneDelegate.swift */ = {isa = PBXFileReference; lastKnownFileType = sourcecode.swift; path = SceneDelegate.swift; sourceTree = "<group>"; };
		5089160D2CEE491900AADB31 /* Statistics.swift */ = {isa = PBXFileReference; lastKnownFileType = sourcecode.swift; path = Statistics.swift; sourceTree = "<group>"; };
		5089160E2CEE491900AADB31 /* TabBarController.swift */ = {isa = PBXFileReference; lastKnownFileType = sourcecode.swift; path = TabBarController.swift; sourceTree = "<group>"; };
		5089160F2CEE491900AADB31 /* TrackerCreateViewController.swift */ = {isa = PBXFileReference; lastKnownFileType = sourcecode.swift; path = TrackerCreateViewController.swift; sourceTree = "<group>"; };
		508916102CEE491900AADB31 /* TrackerIrregularViewController.swift */ = {isa = PBXFileReference; lastKnownFileType = sourcecode.swift; path = TrackerIrregularViewController.swift; sourceTree = "<group>"; };
		508916222CEE4B8D00AADB31 /* Tracker.app */ = {isa = PBXFileReference; explicitFileType = wrapper.application; includeInIndex = 0; path = Tracker.app; sourceTree = BUILT_PRODUCTS_DIR; };
		508916242CEE5BDA00AADB31 /* Tracker.swift */ = {isa = PBXFileReference; lastKnownFileType = sourcecode.swift; path = Tracker.swift; sourceTree = "<group>"; };
		508916262CEE5BFC00AADB31 /* TrackerCategory.swift */ = {isa = PBXFileReference; lastKnownFileType = sourcecode.swift; path = TrackerCategory.swift; sourceTree = "<group>"; };
		508916282CEE5C1100AADB31 /* TrackerRecord.swift */ = {isa = PBXFileReference; lastKnownFileType = sourcecode.swift; path = TrackerRecord.swift; sourceTree = "<group>"; };
		5089162A2CEE5C3100AADB31 /* TrackerType.swift */ = {isa = PBXFileReference; lastKnownFileType = sourcecode.swift; path = TrackerType.swift; sourceTree = "<group>"; };
		5089162C2CEE5C4900AADB31 /* Weekday.swift */ = {isa = PBXFileReference; lastKnownFileType = sourcecode.swift; path = Weekday.swift; sourceTree = "<group>"; };
		5089162E2CEE651F00AADB31 /* PaddedTextField.swift */ = {isa = PBXFileReference; lastKnownFileType = sourcecode.swift; path = PaddedTextField.swift; sourceTree = "<group>"; };
		508F979A2CF7892400795D14 /* Model.xcdatamodel */ = {isa = PBXFileReference; lastKnownFileType = wrapper.xcdatamodel; path = Model.xcdatamodel; sourceTree = "<group>"; };
		508F97A62CF79D9900795D14 /* UIColorSort.swift */ = {isa = PBXFileReference; lastKnownFileType = sourcecode.swift; path = UIColorSort.swift; sourceTree = "<group>"; };
		508F97A72CF79D9900795D14 /* DaysValueTranformer.swift */ = {isa = PBXFileReference; lastKnownFileType = sourcecode.swift; path = DaysValueTranformer.swift; sourceTree = "<group>"; };
		508F97A82CF79D9900795D14 /* TrackerTypeValueTransformer.swift */ = {isa = PBXFileReference; lastKnownFileType = sourcecode.swift; path = TrackerTypeValueTransformer.swift; sourceTree = "<group>"; };
/* End PBXFileReference section */

/* Begin PBXFrameworksBuildPhase section */
		50A272502CCF818B00D8FEB9 /* Frameworks */ = {
			isa = PBXFrameworksBuildPhase;
			buildActionMask = 2147483647;
			files = (
			);
			runOnlyForDeploymentPostprocessing = 0;
		};
/* End PBXFrameworksBuildPhase section */

/* Begin PBXGroup section */
		504140FF2CFE376F00A75A58 /* Stores */ = {
			isa = PBXGroup;
			children = (
				504141002CFE378700A75A58 /* TrackerStore.swift */,
				504141022CFEEE4500A75A58 /* TrackerCategoryStore.swift */,
				504141042CFEEE9400A75A58 /* TrackerRecordStore.swift */,
				501AFED22D0AEE520022F8D1 /* DataBaseManager.swift */,
				501AFECE2D0AD92D0022F8D1 /* StoreErrors.swift */,
			);
			path = Stores;
			sourceTree = "<group>";
		};
		508915FF2CEE491900AADB31 /* ScheduleViewController */ = {
			isa = PBXGroup;
			children = (
				508915FD2CEE491900AADB31 /* ScheduleViewController.swift */,
				508915FE2CEE491900AADB31 /* SwitchTableViewCell.swift */,
			);
			path = ScheduleViewController;
			sourceTree = "<group>";
		};
		508916022CEE491900AADB31 /* TrackerCollection */ = {
			isa = PBXGroup;
			children = (
				508916002CEE491900AADB31 /* TrackerCategoryHeaderView.swift */,
				508916012CEE491900AADB31 /* TrackerCollectionViewCell.swift */,
			);
			path = TrackerCollection;
			sourceTree = "<group>";
		};
		508916052CEE491900AADB31 /* TrackerHabbitViewController */ = {
			isa = PBXGroup;
			children = (
				508916042CEE491900AADB31 /* TrackerHabbitViewController.swift */,
				508916032CEE491900AADB31 /* TrackerHabbitViewCell.swift */,
				5089162E2CEE651F00AADB31 /* PaddedTextField.swift */,
			);
			path = TrackerHabbitViewController;
			sourceTree = "<group>";
		};
		508916082CEE491900AADB31 /* TrackerView */ = {
			isa = PBXGroup;
			children = (
				508916072CEE491900AADB31 /* TrackersViewController.swift */,
				508916232CEE5B9300AADB31 /* TrackerBody */,
			);
			path = TrackerView;
			sourceTree = "<group>";
		};
		508916112CEE491900AADB31 /* Tracker */ = {
			isa = PBXGroup;
			children = (
				508915FF2CEE491900AADB31 /* ScheduleViewController */,
				508916022CEE491900AADB31 /* TrackerCollection */,
				508916052CEE491900AADB31 /* TrackerHabbitViewController */,
				508916082CEE491900AADB31 /* TrackerView */,
				508916092CEE491900AADB31 /* AppDelegate.swift */,
				5089160A2CEE491900AADB31 /* Assets.xcassets */,
				5089160B2CEE491900AADB31 /* Info.plist */,
				5089160C2CEE491900AADB31 /* SceneDelegate.swift */,
				5089160D2CEE491900AADB31 /* Statistics.swift */,
				5089160E2CEE491900AADB31 /* TabBarController.swift */,
				5089160F2CEE491900AADB31 /* TrackerCreateViewController.swift */,
				508916102CEE491900AADB31 /* TrackerIrregularViewController.swift */,
				508F97942CF7883800795D14 /* CoreData */,
			);
			path = Tracker;
			sourceTree = "<group>";
		};
		508916232CEE5B9300AADB31 /* TrackerBody */ = {
			isa = PBXGroup;
			children = (
				508916242CEE5BDA00AADB31 /* Tracker.swift */,
				508916262CEE5BFC00AADB31 /* TrackerCategory.swift */,
				508916282CEE5C1100AADB31 /* TrackerRecord.swift */,
				5089162A2CEE5C3100AADB31 /* TrackerType.swift */,
				5089162C2CEE5C4900AADB31 /* Weekday.swift */,
			);
			path = TrackerBody;
			sourceTree = "<group>";
		};
		508F97942CF7883800795D14 /* CoreData */ = {
			isa = PBXGroup;
			children = (
				504140FF2CFE376F00A75A58 /* Stores */,
				508F97992CF7892400795D14 /* Model.xcdatamodeld */,
				508F97A92CF79D9900795D14 /* Transformators */,
			);
			path = CoreData;
			sourceTree = "<group>";
		};
		508F97A92CF79D9900795D14 /* Transformators */ = {
			isa = PBXGroup;
			children = (
				508F97A62CF79D9900795D14 /* UIColorSort.swift */,
				508F97A72CF79D9900795D14 /* DaysValueTranformer.swift */,
				508F97A82CF79D9900795D14 /* TrackerTypeValueTransformer.swift */,
			);
			path = Transformators;
			sourceTree = "<group>";
		};
		50A2724A2CCF818B00D8FEB9 = {
			isa = PBXGroup;
			children = (
				50322A8E2D10A0DA0010A38E /* Constants.swift */,
				508916112CEE491900AADB31 /* Tracker */,
				508916222CEE4B8D00AADB31 /* Tracker.app */,
			);
			sourceTree = "<group>";
		};
/* End PBXGroup section */

/* Begin PBXNativeTarget section */
		50A272522CCF818B00D8FEB9 /* Tracker */ = {
			isa = PBXNativeTarget;
			buildConfigurationList = 50A272662CCF819000D8FEB9 /* Build configuration list for PBXNativeTarget "Tracker" */;
			buildPhases = (
				50A2724F2CCF818B00D8FEB9 /* Sources */,
				50A272502CCF818B00D8FEB9 /* Frameworks */,
				50A272512CCF818B00D8FEB9 /* Resources */,
			);
			buildRules = (
			);
			dependencies = (
			);
			name = Tracker;
			packageProductDependencies = (
			);
			productName = Tracker;
			productReference = 508916222CEE4B8D00AADB31 /* Tracker.app */;
			productType = "com.apple.product-type.application";
		};
/* End PBXNativeTarget section */

/* Begin PBXProject section */
		50A2724B2CCF818B00D8FEB9 /* Project object */ = {
			isa = PBXProject;
			attributes = {
				BuildIndependentTargetsInParallel = 1;
				LastSwiftUpdateCheck = 1600;
				LastUpgradeCheck = 1600;
				TargetAttributes = {
					50A272522CCF818B00D8FEB9 = {
						CreatedOnToolsVersion = 16.0;
					};
				};
			};
			buildConfigurationList = 50A2724E2CCF818B00D8FEB9 /* Build configuration list for PBXProject "Tracker" */;
			developmentRegion = en;
			hasScannedForEncodings = 0;
			knownRegions = (
				en,
				Base,
			);
			mainGroup = 50A2724A2CCF818B00D8FEB9;
			minimizedProjectReferenceProxies = 1;
			preferredProjectObjectVersion = 77;
			productRefGroup = 50A2724A2CCF818B00D8FEB9;
			projectDirPath = "";
			projectRoot = "";
			targets = (
				50A272522CCF818B00D8FEB9 /* Tracker */,
			);
		};
/* End PBXProject section */

/* Begin PBXResourcesBuildPhase section */
		50A272512CCF818B00D8FEB9 /* Resources */ = {
			isa = PBXResourcesBuildPhase;
			buildActionMask = 2147483647;
			files = (
				508916202CEE491900AADB31 /* Assets.xcassets in Resources */,
			);
			runOnlyForDeploymentPostprocessing = 0;
		};
/* End PBXResourcesBuildPhase section */

/* Begin PBXSourcesBuildPhase section */
		50A2724F2CCF818B00D8FEB9 /* Sources */ = {
			isa = PBXSourcesBuildPhase;
			buildActionMask = 2147483647;
			files = (
				508916122CEE491900AADB31 /* ScheduleViewController.swift in Sources */,
				508916132CEE491900AADB31 /* SwitchTableViewCell.swift in Sources */,
				508916142CEE491900AADB31 /* TrackerCategoryHeaderView.swift in Sources */,
				508916152CEE491900AADB31 /* TrackerCollectionViewCell.swift in Sources */,
				501AFED32D0AEE520022F8D1 /* DataBaseManager.swift in Sources */,
				50322A8F2D10A0DA0010A38E /* Constants.swift in Sources */,
				508916162CEE491900AADB31 /* TrackerHabbitViewCell.swift in Sources */,
				501AFECF2D0AD92D0022F8D1 /* StoreErrors.swift in Sources */,
				504141052CFEEE9400A75A58 /* TrackerRecordStore.swift in Sources */,
				508916172CEE491900AADB31 /* TrackerHabbitViewController.swift in Sources */,
				5089162D2CEE5C4900AADB31 /* Weekday.swift in Sources */,
				508916192CEE491900AADB31 /* TrackersViewController.swift in Sources */,
				5089162B2CEE5C3100AADB31 /* TrackerType.swift in Sources */,
				5089162F2CEE651F00AADB31 /* PaddedTextField.swift in Sources */,
				5089161A2CEE491900AADB31 /* AppDelegate.swift in Sources */,
				5089161B2CEE491900AADB31 /* SceneDelegate.swift in Sources */,
				508F97AA2CF79D9900795D14 /* DaysValueTranformer.swift in Sources */,
				508F97AB2CF79D9900795D14 /* TrackerTypeValueTransformer.swift in Sources */,
				504141012CFE378700A75A58 /* TrackerStore.swift in Sources */,
				508F97AC2CF79D9900795D14 /* UIColorSort.swift in Sources */,
				504141032CFEEE4500A75A58 /* TrackerCategoryStore.swift in Sources */,
				508916272CEE5BFC00AADB31 /* TrackerCategory.swift in Sources */,
				508916292CEE5C1100AADB31 /* TrackerRecord.swift in Sources */,
				5089161C2CEE491900AADB31 /* Statistics.swift in Sources */,
				5089161D2CEE491900AADB31 /* TabBarController.swift in Sources */,
				508F979B2CF7892400795D14 /* Model.xcdatamodeld in Sources */,
				508916252CEE5BDA00AADB31 /* Tracker.swift in Sources */,
				5089161E2CEE491900AADB31 /* TrackerCreateViewController.swift in Sources */,
				5089161F2CEE491900AADB31 /* TrackerIrregularViewController.swift in Sources */,
			);
			runOnlyForDeploymentPostprocessing = 0;
		};
/* End PBXSourcesBuildPhase section */

/* Begin XCBuildConfiguration section */
		50A272672CCF819000D8FEB9 /* Debug */ = {
			isa = XCBuildConfiguration;
			buildSettings = {
				ASSETCATALOG_COMPILER_APPICON_NAME = AppIcon;
				ASSETCATALOG_COMPILER_GLOBAL_ACCENT_COLOR_NAME = AccentColor;
				CODE_SIGN_STYLE = Automatic;
				CURRENT_PROJECT_VERSION = 1;
				DEVELOPMENT_TEAM = Z3KSZT26UK;
				GENERATE_INFOPLIST_FILE = YES;
				INFOPLIST_FILE = Tracker/Info.plist;
				INFOPLIST_KEY_UIApplicationSupportsIndirectInputEvents = YES;
				INFOPLIST_KEY_UILaunchStoryboardName = LaunchScreen.swift;
				INFOPLIST_KEY_UISupportedInterfaceOrientations_iPad = "UIInterfaceOrientationPortrait UIInterfaceOrientationPortraitUpsideDown UIInterfaceOrientationLandscapeLeft UIInterfaceOrientationLandscapeRight";
				INFOPLIST_KEY_UISupportedInterfaceOrientations_iPhone = UIInterfaceOrientationPortrait;
				IPHONEOS_DEPLOYMENT_TARGET = 13.4;
				LD_RUNPATH_SEARCH_PATHS = (
					"$(inherited)",
					"@executable_path/Frameworks",
				);
				MARKETING_VERSION = 1.0;
				PRODUCT_BUNDLE_IDENTIFIER = ru.yandex.practicum.Tracker;
				PRODUCT_NAME = "$(TARGET_NAME)";
				SWIFT_EMIT_LOC_STRINGS = YES;
				SWIFT_VERSION = 5.0;
				TARGETED_DEVICE_FAMILY = "1,2";
			};
			name = Debug;
		};
		50A272682CCF819000D8FEB9 /* Release */ = {
			isa = XCBuildConfiguration;
			buildSettings = {
				ASSETCATALOG_COMPILER_APPICON_NAME = AppIcon;
				ASSETCATALOG_COMPILER_GLOBAL_ACCENT_COLOR_NAME = AccentColor;
				CODE_SIGN_STYLE = Automatic;
				CURRENT_PROJECT_VERSION = 1;
				DEVELOPMENT_TEAM = Z3KSZT26UK;
				GENERATE_INFOPLIST_FILE = YES;
				INFOPLIST_FILE = Tracker/Info.plist;
				INFOPLIST_KEY_UIApplicationSupportsIndirectInputEvents = YES;
				INFOPLIST_KEY_UILaunchStoryboardName = LaunchScreen.swift;
				INFOPLIST_KEY_UISupportedInterfaceOrientations_iPad = "UIInterfaceOrientationPortrait UIInterfaceOrientationPortraitUpsideDown UIInterfaceOrientationLandscapeLeft UIInterfaceOrientationLandscapeRight";
				INFOPLIST_KEY_UISupportedInterfaceOrientations_iPhone = UIInterfaceOrientationPortrait;
				IPHONEOS_DEPLOYMENT_TARGET = 13.4;
				LD_RUNPATH_SEARCH_PATHS = (
					"$(inherited)",
					"@executable_path/Frameworks",
				);
				MARKETING_VERSION = 1.0;
				PRODUCT_BUNDLE_IDENTIFIER = ru.yandex.practicum.Tracker;
				PRODUCT_NAME = "$(TARGET_NAME)";
				SWIFT_EMIT_LOC_STRINGS = YES;
				SWIFT_VERSION = 5.0;
				TARGETED_DEVICE_FAMILY = "1,2";
			};
			name = Release;
		};
		50A272692CCF819000D8FEB9 /* Debug */ = {
			isa = XCBuildConfiguration;
			buildSettings = {
				ALWAYS_SEARCH_USER_PATHS = NO;
				ASSETCATALOG_COMPILER_GENERATE_SWIFT_ASSET_SYMBOL_EXTENSIONS = YES;
				CLANG_ANALYZER_NONNULL = YES;
				CLANG_ANALYZER_NUMBER_OBJECT_CONVERSION = YES_AGGRESSIVE;
				CLANG_CXX_LANGUAGE_STANDARD = "gnu++20";
				CLANG_ENABLE_MODULES = YES;
				CLANG_ENABLE_OBJC_ARC = YES;
				CLANG_ENABLE_OBJC_WEAK = YES;
				CLANG_WARN_BLOCK_CAPTURE_AUTORELEASING = YES;
				CLANG_WARN_BOOL_CONVERSION = YES;
				CLANG_WARN_COMMA = YES;
				CLANG_WARN_CONSTANT_CONVERSION = YES;
				CLANG_WARN_DEPRECATED_OBJC_IMPLEMENTATIONS = YES;
				CLANG_WARN_DIRECT_OBJC_ISA_USAGE = YES_ERROR;
				CLANG_WARN_DOCUMENTATION_COMMENTS = YES;
				CLANG_WARN_EMPTY_BODY = YES;
				CLANG_WARN_ENUM_CONVERSION = YES;
				CLANG_WARN_INFINITE_RECURSION = YES;
				CLANG_WARN_INT_CONVERSION = YES;
				CLANG_WARN_NON_LITERAL_NULL_CONVERSION = YES;
				CLANG_WARN_OBJC_IMPLICIT_RETAIN_SELF = YES;
				CLANG_WARN_OBJC_LITERAL_CONVERSION = YES;
				CLANG_WARN_OBJC_ROOT_CLASS = YES_ERROR;
				CLANG_WARN_QUOTED_INCLUDE_IN_FRAMEWORK_HEADER = YES;
				CLANG_WARN_RANGE_LOOP_ANALYSIS = YES;
				CLANG_WARN_STRICT_PROTOTYPES = YES;
				CLANG_WARN_SUSPICIOUS_MOVE = YES;
				CLANG_WARN_UNGUARDED_AVAILABILITY = YES_AGGRESSIVE;
				CLANG_WARN_UNREACHABLE_CODE = YES;
				CLANG_WARN__DUPLICATE_METHOD_MATCH = YES;
				COPY_PHASE_STRIP = NO;
				DEBUG_INFORMATION_FORMAT = dwarf;
				ENABLE_STRICT_OBJC_MSGSEND = YES;
				ENABLE_TESTABILITY = YES;
				ENABLE_USER_SCRIPT_SANDBOXING = YES;
				GCC_C_LANGUAGE_STANDARD = gnu17;
				GCC_DYNAMIC_NO_PIC = NO;
				GCC_NO_COMMON_BLOCKS = YES;
				GCC_OPTIMIZATION_LEVEL = 0;
				GCC_PREPROCESSOR_DEFINITIONS = (
					"DEBUG=1",
					"$(inherited)",
				);
				GCC_WARN_64_TO_32_BIT_CONVERSION = YES;
				GCC_WARN_ABOUT_RETURN_TYPE = YES_ERROR;
				GCC_WARN_UNDECLARED_SELECTOR = YES;
				GCC_WARN_UNINITIALIZED_AUTOS = YES_AGGRESSIVE;
				GCC_WARN_UNUSED_FUNCTION = YES;
				GCC_WARN_UNUSED_VARIABLE = YES;
				IPHONEOS_DEPLOYMENT_TARGET = 18.0;
				LOCALIZATION_PREFERS_STRING_CATALOGS = YES;
				MTL_ENABLE_DEBUG_INFO = INCLUDE_SOURCE;
				MTL_FAST_MATH = YES;
				ONLY_ACTIVE_ARCH = YES;
				SDKROOT = iphoneos;
				SWIFT_ACTIVE_COMPILATION_CONDITIONS = "DEBUG $(inherited)";
				SWIFT_OPTIMIZATION_LEVEL = "-Onone";
			};
			name = Debug;
		};
		50A2726A2CCF819000D8FEB9 /* Release */ = {
			isa = XCBuildConfiguration;
			buildSettings = {
				ALWAYS_SEARCH_USER_PATHS = NO;
				ASSETCATALOG_COMPILER_GENERATE_SWIFT_ASSET_SYMBOL_EXTENSIONS = YES;
				CLANG_ANALYZER_NONNULL = YES;
				CLANG_ANALYZER_NUMBER_OBJECT_CONVERSION = YES_AGGRESSIVE;
				CLANG_CXX_LANGUAGE_STANDARD = "gnu++20";
				CLANG_ENABLE_MODULES = YES;
				CLANG_ENABLE_OBJC_ARC = YES;
				CLANG_ENABLE_OBJC_WEAK = YES;
				CLANG_WARN_BLOCK_CAPTURE_AUTORELEASING = YES;
				CLANG_WARN_BOOL_CONVERSION = YES;
				CLANG_WARN_COMMA = YES;
				CLANG_WARN_CONSTANT_CONVERSION = YES;
				CLANG_WARN_DEPRECATED_OBJC_IMPLEMENTATIONS = YES;
				CLANG_WARN_DIRECT_OBJC_ISA_USAGE = YES_ERROR;
				CLANG_WARN_DOCUMENTATION_COMMENTS = YES;
				CLANG_WARN_EMPTY_BODY = YES;
				CLANG_WARN_ENUM_CONVERSION = YES;
				CLANG_WARN_INFINITE_RECURSION = YES;
				CLANG_WARN_INT_CONVERSION = YES;
				CLANG_WARN_NON_LITERAL_NULL_CONVERSION = YES;
				CLANG_WARN_OBJC_IMPLICIT_RETAIN_SELF = YES;
				CLANG_WARN_OBJC_LITERAL_CONVERSION = YES;
				CLANG_WARN_OBJC_ROOT_CLASS = YES_ERROR;
				CLANG_WARN_QUOTED_INCLUDE_IN_FRAMEWORK_HEADER = YES;
				CLANG_WARN_RANGE_LOOP_ANALYSIS = YES;
				CLANG_WARN_STRICT_PROTOTYPES = YES;
				CLANG_WARN_SUSPICIOUS_MOVE = YES;
				CLANG_WARN_UNGUARDED_AVAILABILITY = YES_AGGRESSIVE;
				CLANG_WARN_UNREACHABLE_CODE = YES;
				CLANG_WARN__DUPLICATE_METHOD_MATCH = YES;
				COPY_PHASE_STRIP = NO;
				DEBUG_INFORMATION_FORMAT = "dwarf-with-dsym";
				ENABLE_NS_ASSERTIONS = NO;
				ENABLE_STRICT_OBJC_MSGSEND = YES;
				ENABLE_USER_SCRIPT_SANDBOXING = YES;
				GCC_C_LANGUAGE_STANDARD = gnu17;
				GCC_NO_COMMON_BLOCKS = YES;
				GCC_WARN_64_TO_32_BIT_CONVERSION = YES;
				GCC_WARN_ABOUT_RETURN_TYPE = YES_ERROR;
				GCC_WARN_UNDECLARED_SELECTOR = YES;
				GCC_WARN_UNINITIALIZED_AUTOS = YES_AGGRESSIVE;
				GCC_WARN_UNUSED_FUNCTION = YES;
				GCC_WARN_UNUSED_VARIABLE = YES;
				IPHONEOS_DEPLOYMENT_TARGET = 18.0;
				LOCALIZATION_PREFERS_STRING_CATALOGS = YES;
				MTL_ENABLE_DEBUG_INFO = NO;
				MTL_FAST_MATH = YES;
				SDKROOT = iphoneos;
				SWIFT_COMPILATION_MODE = wholemodule;
				VALIDATE_PRODUCT = YES;
			};
			name = Release;
		};
/* End XCBuildConfiguration section */

/* Begin XCConfigurationList section */
		50A2724E2CCF818B00D8FEB9 /* Build configuration list for PBXProject "Tracker" */ = {
			isa = XCConfigurationList;
			buildConfigurations = (
				50A272692CCF819000D8FEB9 /* Debug */,
				50A2726A2CCF819000D8FEB9 /* Release */,
			);
			defaultConfigurationIsVisible = 0;
			defaultConfigurationName = Release;
		};
		50A272662CCF819000D8FEB9 /* Build configuration list for PBXNativeTarget "Tracker" */ = {
			isa = XCConfigurationList;
			buildConfigurations = (
				50A272672CCF819000D8FEB9 /* Debug */,
				50A272682CCF819000D8FEB9 /* Release */,
			);
			defaultConfigurationIsVisible = 0;
			defaultConfigurationName = Release;
		};
/* End XCConfigurationList section */

/* Begin XCVersionGroup section */
		508F97992CF7892400795D14 /* Model.xcdatamodeld */ = {
			isa = XCVersionGroup;
			children = (
				508F979A2CF7892400795D14 /* Model.xcdatamodel */,
			);
			currentVersion = 508F979A2CF7892400795D14 /* Model.xcdatamodel */;
			path = Model.xcdatamodeld;
			sourceTree = "<group>";
			versionGroupType = wrapper.xcdatamodel;
		};
/* End XCVersionGroup section */
	};
	rootObject = 50A2724B2CCF818B00D8FEB9 /* Project object */;
}
